
Microsoft Visual Studio Solution File, Format Version 12.00
# Visual Studio Version 16
VisualStudioVersion = 16.0.30406.217
MinimumVisualStudioVersion = 10.0.40219.1
Project("{FAE04EC0-301F-11D3-BF4B-00C04F79EFBC}") = "AplikasiInputDataMahasiswa", "AplikasiInputDataMahasiswa\AplikasiInputDataMahasiswa.csproj", "{D0BCFDD7-209F-4E44-8E04-9E8DFB3219EE}"
EndProject
Global
	GlobalSection(SolutionConfigurationPlatforms) = preSolution
		Debug|Any CPU = Debug|Any CPU
		Release|Any CPU = Release|Any CPU
	EndGlobalSection
	GlobalSection(ProjectConfigurationPlatforms) = postSolution
		{D0BCFDD7-209F-4E44-8E04-9E8DFB3219EE}.Debug|Any CPU.ActiveCfg = Debug|Any CPU
		{D0BCFDD7-209F-4E44-8E04-9E8DFB3219EE}.Debug|Any CPU.Build.0 = Debug|Any CPU
		{D0BCFDD7-209F-4E44-8E04-9E8DFB3219EE}.Release|Any CPU.ActiveCfg = Release|Any CPU
		{D0BCFDD7-209F-4E44-8E04-9E8DFB3219EE}.Release|Any CPU.Build.0 = Release|Any CPU
	EndGlobalSection
	GlobalSection(SolutionProperties) = preSolution
		HideSolutionNode = FALSE
	EndGlobalSection
	GlobalSection(ExtensibilityGlobals) = postSolution
		SolutionGuid = {DFCC31AF-B64B-4099-83F6-6D1B543BBAB1}
	EndGlobalSection
EndGlobal
